{
    "version": 3,
    "terraform_version": "0.11.5",
    "serial": 3,
    "lineage": "ed936617-64cd-0309-9e40-1d7cf02ae104",
    "modules": [
        {
            "path": [
                "root"
            ],
            "outputs": {
                "container_name": {
                    "sensitive": false,
                    "type": "string",
                    "value": "blog"
                },
                "ip": {
                    "sensitive": false,
                    "type": "string",
                    "value": "172.17.0.2"
                }
            },
            "resources": {
                "docker_container.container_id": {
                    "type": "docker_container",
                    "depends_on": [],
                    "primary": {
                        "id": "d21eb0c030041f60650f771b4232d62737f42e48426b4b5e14621f6b9988f68a",
                        "attributes": {
                            "attach": "false",
                            "bridge": "",
                            "gateway": "172.17.0.1",
                            "id": "d21eb0c030041f60650f771b4232d62737f42e48426b4b5e14621f6b9988f68a",
                            "image": "ghost:alpine",
                            "ip_address": "172.17.0.2",
                            "ip_prefix_length": "16",
                            "log_driver": "json-file",
                            "logs": "false",
                            "must_run": "true",
                            "name": "blog",
                            "network_data.#": "1",
                            "network_data.0.gateway": "172.17.0.1",
                            "network_data.0.ip_address": "172.17.0.2",
                            "network_data.0.ip_prefix_length": "16",
                            "network_data.0.network_name": "bridge",
                            "ports.#": "1",
                            "ports.0.external": "80",
                            "ports.0.internal": "2368",
                            "ports.0.ip": "0.0.0.0",
                            "ports.0.protocol": "tcp",
                            "restart": "no",
                            "rm": "false",
                            "start": "true"
                        },
                        "meta": {},
                        "tainted": false
                    },
                    "deposed": [],
                    "provider": "provider.docker"
                }
            },
            "depends_on": []
        }
    ]
}
