{
    "version": 3,
    "terraform_version": "0.11.5",
    "serial": 13,
    "lineage": "50a8c2e3-a0dd-c413-c18d-dbd92482e055",
    "modules": [
        {
            "path": [
                "root"
            ],
            "outputs": {
                "IP Address": {
                    "sensitive": false,
                    "type": "string",
                    "value": "172.17.0.2"
                },
                "container_name": {
                    "sensitive": false,
                    "type": "string",
                    "value": "blog"
                }
            },
            "resources": {
                "docker_container.container_id": {
                    "type": "docker_container",
                    "depends_on": [
                        "docker_image.image_id"
                    ],
                    "primary": {
                        "id": "2fb727a3d21145d2394191bc003dad708a380ae0398fa2222ee74fdfac6bbf98",
                        "attributes": {
                            "attach": "false",
                            "bridge": "",
                            "gateway": "172.17.0.1",
                            "id": "2fb727a3d21145d2394191bc003dad708a380ae0398fa2222ee74fdfac6bbf98",
                            "image": "sha256:dffc1260f5f5e52fd245deee210718fd65278d37d1a4fe8209641568907635fd",
                            "ip_address": "172.17.0.2",
                            "ip_prefix_length": "16",
                            "log_driver": "json-file",
                            "logs": "false",
                            "must_run": "true",
                            "name": "blog",
                            "network_data.#": "1",
                            "network_data.0.gateway": "172.17.0.1",
                            "network_data.0.ip_address": "172.17.0.2",
                            "network_data.0.ip_prefix_length": "16",
                            "network_data.0.network_name": "bridge",
                            "ports.#": "1",
                            "ports.0.external": "80",
                            "ports.0.internal": "2368",
                            "ports.0.ip": "0.0.0.0",
                            "ports.0.protocol": "tcp",
                            "restart": "no",
                            "rm": "false",
                            "start": "true"
                        },
                        "meta": {},
                        "tainted": false
                    },
                    "deposed": [],
                    "provider": "provider.docker"
                },
                "docker_image.image_id": {
                    "type": "docker_image",
                    "depends_on": [],
                    "primary": {
                        "id": "sha256:dffc1260f5f5e52fd245deee210718fd65278d37d1a4fe8209641568907635fdghost:latest",
                        "attributes": {
                            "id": "sha256:dffc1260f5f5e52fd245deee210718fd65278d37d1a4fe8209641568907635fdghost:latest",
                            "latest": "sha256:dffc1260f5f5e52fd245deee210718fd65278d37d1a4fe8209641568907635fd",
                            "name": "ghost:latest"
                        },
                        "meta": {},
                        "tainted": false
                    },
                    "deposed": [],
                    "provider": "provider.docker"
                }
            },
            "depends_on": []
        }
    ]
}
